
Microsoft Visual Studio Solution File, Format Version 12.00
# Visual Studio Version 17
VisualStudioVersion = 17.10.35122.118
MinimumVisualStudioVersion = 10.0.40219.1
Project("{FAE04EC0-301F-11D3-BF4B-00C04F79EFBC}") = "SuperCandy", "Super Candy\SuperCandy.csproj", "{0168BD9D-83CB-4B38-B3F7-C5D1B7A40BB7}"
EndProject
Global
	GlobalSection(SolutionConfigurationPlatforms) = preSolution
		Debug|Any CPU = Debug|Any CPU
		Release|Any CPU = Release|Any CPU
	EndGlobalSection
	GlobalSection(ProjectConfigurationPlatforms) = postSolution
		{0168BD9D-83CB-4B38-B3F7-C5D1B7A40BB7}.Debug|Any CPU.ActiveCfg = Debug|Any CPU
		{0168BD9D-83CB-4B38-B3F7-C5D1B7A40BB7}.Debug|Any CPU.Build.0 = Debug|Any CPU
		{0168BD9D-83CB-4B38-B3F7-C5D1B7A40BB7}.Release|Any CPU.ActiveCfg = Release|Any CPU
		{0168BD9D-83CB-4B38-B3F7-C5D1B7A40BB7}.Release|Any CPU.Build.0 = Release|Any CPU
	EndGlobalSection
	GlobalSection(SolutionProperties) = preSolution
		HideSolutionNode = FALSE
	EndGlobalSection
	GlobalSection(ExtensibilityGlobals) = postSolution
		SolutionGuid = {24AD596E-8874-4DE1-82B6-1E32C76334B0}
	EndGlobalSection
EndGlobal
